
Microsoft Visual Studio Solution File, Format Version 12.00
# Visual Studio 15
VisualStudioVersion = 15.0.26124.0
MinimumVisualStudioVersion = 15.0.26124.0
Project("{2150E333-8FDC-42A3-9474-1A3956D46DE8}") = "src", "src", "{B3B9A07F-D842-45D5-A638-233B752E090F}"
EndProject
Project("{FAE04EC0-301F-11D3-BF4B-00C04F79EFBC}") = "NextAudio", "src\NextAudio\NextAudio.csproj", "{F17A5C40-F691-455B-A0A8-C7FD4C24413A}"
EndProject
Project("{2150E333-8FDC-42A3-9474-1A3956D46DE8}") = "test", "test", "{14D9D79F-368C-4E6F-BAA7-6D4CF4962C15}"
EndProject
Project("{FAE04EC0-301F-11D3-BF4B-00C04F79EFBC}") = "NextAudio.UnitTests", "test\NextAudio.UnitTests\NextAudio.UnitTests.csproj", "{56687F07-BEA0-4806-A2DB-6A5AB26138CC}"
EndProject
Project("{FAE04EC0-301F-11D3-BF4B-00C04F79EFBC}") = "NextAudio.FFMpegCore", "src\NextAudio.FFMpegCore\NextAudio.FFMpegCore.csproj", "{7E78136A-5BD6-4553-AD6F-C544343C058D}"
EndProject
Project("{2150E333-8FDC-42A3-9474-1A3956D46DE8}") = "samples", "samples", "{1523532B-A911-403D-B0B0-059B994D988E}"
EndProject
Project("{FAE04EC0-301F-11D3-BF4B-00C04F79EFBC}") = "DiscordBotSample", "samples\DiscordBotSample\DiscordBotSample.csproj", "{486195BF-60F5-4FC3-87CC-5FEC55CD12CD}"
EndProject
Global
	GlobalSection(SolutionConfigurationPlatforms) = preSolution
		Debug|Any CPU = Debug|Any CPU
		Debug|x64 = Debug|x64
		Debug|x86 = Debug|x86
		Release|Any CPU = Release|Any CPU
		Release|x64 = Release|x64
		Release|x86 = Release|x86
	EndGlobalSection
	GlobalSection(SolutionProperties) = preSolution
		HideSolutionNode = FALSE
	EndGlobalSection
	GlobalSection(ProjectConfigurationPlatforms) = postSolution
		{F17A5C40-F691-455B-A0A8-C7FD4C24413A}.Debug|Any CPU.ActiveCfg = Debug|Any CPU
		{F17A5C40-F691-455B-A0A8-C7FD4C24413A}.Debug|Any CPU.Build.0 = Debug|Any CPU
		{F17A5C40-F691-455B-A0A8-C7FD4C24413A}.Debug|x64.ActiveCfg = Debug|Any CPU
		{F17A5C40-F691-455B-A0A8-C7FD4C24413A}.Debug|x64.Build.0 = Debug|Any CPU
		{F17A5C40-F691-455B-A0A8-C7FD4C24413A}.Debug|x86.ActiveCfg = Debug|Any CPU
		{F17A5C40-F691-455B-A0A8-C7FD4C24413A}.Debug|x86.Build.0 = Debug|Any CPU
		{F17A5C40-F691-455B-A0A8-C7FD4C24413A}.Release|Any CPU.ActiveCfg = Release|Any CPU
		{F17A5C40-F691-455B-A0A8-C7FD4C24413A}.Release|Any CPU.Build.0 = Release|Any CPU
		{F17A5C40-F691-455B-A0A8-C7FD4C24413A}.Release|x64.ActiveCfg = Release|Any CPU
		{F17A5C40-F691-455B-A0A8-C7FD4C24413A}.Release|x64.Build.0 = Release|Any CPU
		{F17A5C40-F691-455B-A0A8-C7FD4C24413A}.Release|x86.ActiveCfg = Release|Any CPU
		{F17A5C40-F691-455B-A0A8-C7FD4C24413A}.Release|x86.Build.0 = Release|Any CPU
		{56687F07-BEA0-4806-A2DB-6A5AB26138CC}.Debug|Any CPU.ActiveCfg = Debug|Any CPU
		{56687F07-BEA0-4806-A2DB-6A5AB26138CC}.Debug|Any CPU.Build.0 = Debug|Any CPU
		{56687F07-BEA0-4806-A2DB-6A5AB26138CC}.Debug|x64.ActiveCfg = Debug|Any CPU
		{56687F07-BEA0-4806-A2DB-6A5AB26138CC}.Debug|x64.Build.0 = Debug|Any CPU
		{56687F07-BEA0-4806-A2DB-6A5AB26138CC}.Debug|x86.ActiveCfg = Debug|Any CPU
		{56687F07-BEA0-4806-A2DB-6A5AB26138CC}.Debug|x86.Build.0 = Debug|Any CPU
		{56687F07-BEA0-4806-A2DB-6A5AB26138CC}.Release|Any CPU.ActiveCfg = Release|Any CPU
		{56687F07-BEA0-4806-A2DB-6A5AB26138CC}.Release|Any CPU.Build.0 = Release|Any CPU
		{56687F07-BEA0-4806-A2DB-6A5AB26138CC}.Release|x64.ActiveCfg = Release|Any CPU
		{56687F07-BEA0-4806-A2DB-6A5AB26138CC}.Release|x64.Build.0 = Release|Any CPU
		{56687F07-BEA0-4806-A2DB-6A5AB26138CC}.Release|x86.ActiveCfg = Release|Any CPU
		{56687F07-BEA0-4806-A2DB-6A5AB26138CC}.Release|x86.Build.0 = Release|Any CPU
		{7E78136A-5BD6-4553-AD6F-C544343C058D}.Debug|Any CPU.ActiveCfg = Debug|Any CPU
		{7E78136A-5BD6-4553-AD6F-C544343C058D}.Debug|Any CPU.Build.0 = Debug|Any CPU
		{7E78136A-5BD6-4553-AD6F-C544343C058D}.Debug|x64.ActiveCfg = Debug|Any CPU
		{7E78136A-5BD6-4553-AD6F-C544343C058D}.Debug|x64.Build.0 = Debug|Any CPU
		{7E78136A-5BD6-4553-AD6F-C544343C058D}.Debug|x86.ActiveCfg = Debug|Any CPU
		{7E78136A-5BD6-4553-AD6F-C544343C058D}.Debug|x86.Build.0 = Debug|Any CPU
		{7E78136A-5BD6-4553-AD6F-C544343C058D}.Release|Any CPU.ActiveCfg = Release|Any CPU
		{7E78136A-5BD6-4553-AD6F-C544343C058D}.Release|Any CPU.Build.0 = Release|Any CPU
		{7E78136A-5BD6-4553-AD6F-C544343C058D}.Release|x64.ActiveCfg = Release|Any CPU
		{7E78136A-5BD6-4553-AD6F-C544343C058D}.Release|x64.Build.0 = Release|Any CPU
		{7E78136A-5BD6-4553-AD6F-C544343C058D}.Release|x86.ActiveCfg = Release|Any CPU
		{7E78136A-5BD6-4553-AD6F-C544343C058D}.Release|x86.Build.0 = Release|Any CPU
		{486195BF-60F5-4FC3-87CC-5FEC55CD12CD}.Debug|Any CPU.ActiveCfg = Debug|Any CPU
		{486195BF-60F5-4FC3-87CC-5FEC55CD12CD}.Debug|Any CPU.Build.0 = Debug|Any CPU
		{486195BF-60F5-4FC3-87CC-5FEC55CD12CD}.Debug|x64.ActiveCfg = Debug|Any CPU
		{486195BF-60F5-4FC3-87CC-5FEC55CD12CD}.Debug|x64.Build.0 = Debug|Any CPU
		{486195BF-60F5-4FC3-87CC-5FEC55CD12CD}.Debug|x86.ActiveCfg = Debug|Any CPU
		{486195BF-60F5-4FC3-87CC-5FEC55CD12CD}.Debug|x86.Build.0 = Debug|Any CPU
		{486195BF-60F5-4FC3-87CC-5FEC55CD12CD}.Release|Any CPU.ActiveCfg = Release|Any CPU
		{486195BF-60F5-4FC3-87CC-5FEC55CD12CD}.Release|Any CPU.Build.0 = Release|Any CPU
		{486195BF-60F5-4FC3-87CC-5FEC55CD12CD}.Release|x64.ActiveCfg = Release|Any CPU
		{486195BF-60F5-4FC3-87CC-5FEC55CD12CD}.Release|x64.Build.0 = Release|Any CPU
		{486195BF-60F5-4FC3-87CC-5FEC55CD12CD}.Release|x86.ActiveCfg = Release|Any CPU
		{486195BF-60F5-4FC3-87CC-5FEC55CD12CD}.Release|x86.Build.0 = Release|Any CPU
	EndGlobalSection
	GlobalSection(NestedProjects) = preSolution
		{F17A5C40-F691-455B-A0A8-C7FD4C24413A} = {B3B9A07F-D842-45D5-A638-233B752E090F}
		{56687F07-BEA0-4806-A2DB-6A5AB26138CC} = {14D9D79F-368C-4E6F-BAA7-6D4CF4962C15}
		{7E78136A-5BD6-4553-AD6F-C544343C058D} = {B3B9A07F-D842-45D5-A638-233B752E090F}
		{486195BF-60F5-4FC3-87CC-5FEC55CD12CD} = {1523532B-A911-403D-B0B0-059B994D988E}
	EndGlobalSection
EndGlobal
