
Microsoft Visual Studio Solution File, Format Version 12.00
# Visual Studio Version 16
VisualStudioVersion = 16.0.30114.105
MinimumVisualStudioVersion = 10.0.40219.1
Project("{2150E333-8FDC-42A3-9474-1A3956D46DE8}") = "src", "src", "{727D0F80-0690-4C71-9DC9-B92E8E2F2C79}"
EndProject
Project("{FAE04EC0-301F-11D3-BF4B-00C04F79EFBC}") = "NextAudio", "src\NextAudio\NextAudio.csproj", "{8A3C3DAC-AEA7-4F18-929A-0CFABADBEEC4}"
EndProject
Project("{2150E333-8FDC-42A3-9474-1A3956D46DE8}") = "test", "test", "{04566F82-EAC3-4B5D-BBED-713353F29654}"
EndProject
Project("{2150E333-8FDC-42A3-9474-1A3956D46DE8}") = "UnitTests", "UnitTests", "{F98DA226-EDC7-4255-BE90-A9774A7B288C}"
EndProject
Project("{FAE04EC0-301F-11D3-BF4B-00C04F79EFBC}") = "NextAudio.UnitTests", "test\UnitTests\NextAudio.UnitTests\NextAudio.UnitTests.csproj", "{A2C11DCF-13BA-4605-BFC7-406A7E024CAA}"
EndProject
Project("{2150E333-8FDC-42A3-9474-1A3956D46DE8}") = "FunctionalTests", "FunctionalTests", "{57A6EE6B-D02A-41B3-9F10-5CDC424E71BE}"
EndProject
Project("{FAE04EC0-301F-11D3-BF4B-00C04F79EFBC}") = "NextAudio.FunctionalTests", "test\FunctionalTests\NextAudio.FunctionalTests\NextAudio.FunctionalTests.csproj", "{A8BD153A-B443-43BB-BB5E-B64DF24BE568}"
EndProject
Project("{FAE04EC0-301F-11D3-BF4B-00C04F79EFBC}") = "NextAudio.Matroska", "src\NextAudio.Matroska\NextAudio.Matroska.csproj", "{FD1CB579-B973-4AA8-8EF4-FC9A54FEBD6E}"
EndProject
Project("{FAE04EC0-301F-11D3-BF4B-00C04F79EFBC}") = "NextAudio.Matroska.FunctionalTests", "test\FunctionalTests\NextAudio.Matroska.FunctionalTests\NextAudio.Matroska.FunctionalTests.csproj", "{ECA58516-E751-41A0-9564-F9097BC9A47D}"
EndProject
Project("{FAE04EC0-301F-11D3-BF4B-00C04F79EFBC}") = "NextAudio.Matroska.UnitTests", "test\UnitTests\NextAudio.Matroska.UnitTests\NextAudio.Matroska.UnitTests.csproj", "{3287111E-FB70-48F3-B472-EFB2D75B8012}"
EndProject
Global
	GlobalSection(SolutionConfigurationPlatforms) = preSolution
		Debug|Any CPU = Debug|Any CPU
		Release|Any CPU = Release|Any CPU
	EndGlobalSection
	GlobalSection(SolutionProperties) = preSolution
		HideSolutionNode = FALSE
	EndGlobalSection
	GlobalSection(ProjectConfigurationPlatforms) = postSolution
		{8A3C3DAC-AEA7-4F18-929A-0CFABADBEEC4}.Debug|Any CPU.ActiveCfg = Debug|Any CPU
		{8A3C3DAC-AEA7-4F18-929A-0CFABADBEEC4}.Debug|Any CPU.Build.0 = Debug|Any CPU
		{8A3C3DAC-AEA7-4F18-929A-0CFABADBEEC4}.Release|Any CPU.ActiveCfg = Release|Any CPU
		{8A3C3DAC-AEA7-4F18-929A-0CFABADBEEC4}.Release|Any CPU.Build.0 = Release|Any CPU
		{A2C11DCF-13BA-4605-BFC7-406A7E024CAA}.Debug|Any CPU.ActiveCfg = Debug|Any CPU
		{A2C11DCF-13BA-4605-BFC7-406A7E024CAA}.Debug|Any CPU.Build.0 = Debug|Any CPU
		{A2C11DCF-13BA-4605-BFC7-406A7E024CAA}.Release|Any CPU.ActiveCfg = Release|Any CPU
		{A2C11DCF-13BA-4605-BFC7-406A7E024CAA}.Release|Any CPU.Build.0 = Release|Any CPU
		{A8BD153A-B443-43BB-BB5E-B64DF24BE568}.Debug|Any CPU.ActiveCfg = Debug|Any CPU
		{A8BD153A-B443-43BB-BB5E-B64DF24BE568}.Debug|Any CPU.Build.0 = Debug|Any CPU
		{A8BD153A-B443-43BB-BB5E-B64DF24BE568}.Release|Any CPU.ActiveCfg = Release|Any CPU
		{A8BD153A-B443-43BB-BB5E-B64DF24BE568}.Release|Any CPU.Build.0 = Release|Any CPU
		{FD1CB579-B973-4AA8-8EF4-FC9A54FEBD6E}.Debug|Any CPU.ActiveCfg = Debug|Any CPU
		{FD1CB579-B973-4AA8-8EF4-FC9A54FEBD6E}.Debug|Any CPU.Build.0 = Debug|Any CPU
		{FD1CB579-B973-4AA8-8EF4-FC9A54FEBD6E}.Release|Any CPU.ActiveCfg = Release|Any CPU
		{FD1CB579-B973-4AA8-8EF4-FC9A54FEBD6E}.Release|Any CPU.Build.0 = Release|Any CPU
		{ECA58516-E751-41A0-9564-F9097BC9A47D}.Debug|Any CPU.ActiveCfg = Debug|Any CPU
		{ECA58516-E751-41A0-9564-F9097BC9A47D}.Debug|Any CPU.Build.0 = Debug|Any CPU
		{ECA58516-E751-41A0-9564-F9097BC9A47D}.Release|Any CPU.ActiveCfg = Release|Any CPU
		{ECA58516-E751-41A0-9564-F9097BC9A47D}.Release|Any CPU.Build.0 = Release|Any CPU
		{3287111E-FB70-48F3-B472-EFB2D75B8012}.Debug|Any CPU.ActiveCfg = Debug|Any CPU
		{3287111E-FB70-48F3-B472-EFB2D75B8012}.Debug|Any CPU.Build.0 = Debug|Any CPU
		{3287111E-FB70-48F3-B472-EFB2D75B8012}.Release|Any CPU.ActiveCfg = Release|Any CPU
		{3287111E-FB70-48F3-B472-EFB2D75B8012}.Release|Any CPU.Build.0 = Release|Any CPU
	EndGlobalSection
	GlobalSection(NestedProjects) = preSolution
		{8A3C3DAC-AEA7-4F18-929A-0CFABADBEEC4} = {727D0F80-0690-4C71-9DC9-B92E8E2F2C79}
		{F98DA226-EDC7-4255-BE90-A9774A7B288C} = {04566F82-EAC3-4B5D-BBED-713353F29654}
		{A2C11DCF-13BA-4605-BFC7-406A7E024CAA} = {F98DA226-EDC7-4255-BE90-A9774A7B288C}
		{57A6EE6B-D02A-41B3-9F10-5CDC424E71BE} = {04566F82-EAC3-4B5D-BBED-713353F29654}
		{A8BD153A-B443-43BB-BB5E-B64DF24BE568} = {57A6EE6B-D02A-41B3-9F10-5CDC424E71BE}
		{FD1CB579-B973-4AA8-8EF4-FC9A54FEBD6E} = {727D0F80-0690-4C71-9DC9-B92E8E2F2C79}
		{ECA58516-E751-41A0-9564-F9097BC9A47D} = {57A6EE6B-D02A-41B3-9F10-5CDC424E71BE}
		{3287111E-FB70-48F3-B472-EFB2D75B8012} = {F98DA226-EDC7-4255-BE90-A9774A7B288C}
	EndGlobalSection
EndGlobal
